
Microsoft Visual Studio Solution File, Format Version 12.00
# Visual Studio 15
VisualStudioVersion = 15.0.28307.271
MinimumVisualStudioVersion = 10.0.40219.1
Project("{FAE04EC0-301F-11D3-BF4B-00C04F79EFBC}") = "DnDRoller.API", "DnDRoller.API\DnDRoller.API.csproj", "{97206B53-18A9-409B-B88C-CA5760F17A5C}"
EndProject
Global
	GlobalSection(SolutionConfigurationPlatforms) = preSolution
		Debug|Any CPU = Debug|Any CPU
		Release|Any CPU = Release|Any CPU
	EndGlobalSection
	GlobalSection(ProjectConfigurationPlatforms) = postSolution
		{97206B53-18A9-409B-B88C-CA5760F17A5C}.Debug|Any CPU.ActiveCfg = Debug|Any CPU
		{97206B53-18A9-409B-B88C-CA5760F17A5C}.Debug|Any CPU.Build.0 = Debug|Any CPU
		{97206B53-18A9-409B-B88C-CA5760F17A5C}.Release|Any CPU.ActiveCfg = Release|Any CPU
		{97206B53-18A9-409B-B88C-CA5760F17A5C}.Release|Any CPU.Build.0 = Release|Any CPU
	EndGlobalSection
	GlobalSection(SolutionProperties) = preSolution
		HideSolutionNode = FALSE
	EndGlobalSection
	GlobalSection(ExtensibilityGlobals) = postSolution
		SolutionGuid = {83C52CAA-2B56-408B-A576-7FFA7531A559}
	EndGlobalSection
EndGlobal
